
Microsoft Visual Studio Solution File, Format Version 12.00
# Visual Studio Version 17
VisualStudioVersion = 17.11.35312.102
MinimumVisualStudioVersion = 10.0.40219.1
Project("{9A19103F-16F7-4668-BE54-9A1E7A4F7556}") = "PizzaDelivery", "PizzaDelivery\PizzaDelivery.csproj", "{4EFACE9A-5053-47D3-89C7-04DF555753DB}"
EndProject
Project("{2150E333-8FDC-42A3-9474-1A3956D46DE8}") = "ApplicationCore", "ApplicationCore", "{881D141D-D6E4-476B-A4B8-51A5B14E1EB0}"
EndProject
Project("{2150E333-8FDC-42A3-9474-1A3956D46DE8}") = "Infrastructure", "Infrastructure", "{6AF35EA8-4C7C-4E17-B5A4-B5ACD69F24CB}"
EndProject
Project("{9A19103F-16F7-4668-BE54-9A1E7A4F7556}") = "DomainModel", "DomainModel\DomainModel.csproj", "{14EB4B5F-31B3-4076-81C4-EE89BABDCA21}"
EndProject
Project("{9A19103F-16F7-4668-BE54-9A1E7A4F7556}") = "Interfaces", "Interfaces\Interfaces.csproj", "{3A5FF25C-509B-4BEB-AB4A-012420F9EE6C}"
EndProject
Project("{9A19103F-16F7-4668-BE54-9A1E7A4F7556}") = "BLL", "BLL\BLL.csproj", "{A41896F4-53E5-4401-AEB6-817E7CB8540D}"
EndProject
Project("{9A19103F-16F7-4668-BE54-9A1E7A4F7556}") = "DAL", "DAL\DAL.csproj", "{DC5560AA-F79F-40CF-87DA-DEBDB58123F7}"
EndProject
Project("{FAE04EC0-301F-11D3-BF4B-00C04F79EFBC}") = "PizzaDelivery.AppCore.Tests", "PizzaDelivery.Domain.Tests\PizzaDelivery.AppCore.Tests.csproj", "{56F31F47-ED6B-4326-B9E7-9F8992EBE448}"
EndProject
Project("{2150E333-8FDC-42A3-9474-1A3956D46DE8}") = "Tests", "Tests", "{34ECF922-AF9D-4599-98A4-B37B69365E14}"
EndProject
Global
	GlobalSection(SolutionConfigurationPlatforms) = preSolution
		Debug|Any CPU = Debug|Any CPU
		Release|Any CPU = Release|Any CPU
	EndGlobalSection
	GlobalSection(ProjectConfigurationPlatforms) = postSolution
		{4EFACE9A-5053-47D3-89C7-04DF555753DB}.Debug|Any CPU.ActiveCfg = Debug|Any CPU
		{4EFACE9A-5053-47D3-89C7-04DF555753DB}.Debug|Any CPU.Build.0 = Debug|Any CPU
		{4EFACE9A-5053-47D3-89C7-04DF555753DB}.Release|Any CPU.ActiveCfg = Release|Any CPU
		{4EFACE9A-5053-47D3-89C7-04DF555753DB}.Release|Any CPU.Build.0 = Release|Any CPU
		{14EB4B5F-31B3-4076-81C4-EE89BABDCA21}.Debug|Any CPU.ActiveCfg = Debug|Any CPU
		{14EB4B5F-31B3-4076-81C4-EE89BABDCA21}.Debug|Any CPU.Build.0 = Debug|Any CPU
		{14EB4B5F-31B3-4076-81C4-EE89BABDCA21}.Release|Any CPU.ActiveCfg = Release|Any CPU
		{14EB4B5F-31B3-4076-81C4-EE89BABDCA21}.Release|Any CPU.Build.0 = Release|Any CPU
		{3A5FF25C-509B-4BEB-AB4A-012420F9EE6C}.Debug|Any CPU.ActiveCfg = Debug|Any CPU
		{3A5FF25C-509B-4BEB-AB4A-012420F9EE6C}.Debug|Any CPU.Build.0 = Debug|Any CPU
		{3A5FF25C-509B-4BEB-AB4A-012420F9EE6C}.Release|Any CPU.ActiveCfg = Release|Any CPU
		{3A5FF25C-509B-4BEB-AB4A-012420F9EE6C}.Release|Any CPU.Build.0 = Release|Any CPU
		{A41896F4-53E5-4401-AEB6-817E7CB8540D}.Debug|Any CPU.ActiveCfg = Debug|Any CPU
		{A41896F4-53E5-4401-AEB6-817E7CB8540D}.Debug|Any CPU.Build.0 = Debug|Any CPU
		{A41896F4-53E5-4401-AEB6-817E7CB8540D}.Release|Any CPU.ActiveCfg = Release|Any CPU
		{A41896F4-53E5-4401-AEB6-817E7CB8540D}.Release|Any CPU.Build.0 = Release|Any CPU
		{DC5560AA-F79F-40CF-87DA-DEBDB58123F7}.Debug|Any CPU.ActiveCfg = Debug|Any CPU
		{DC5560AA-F79F-40CF-87DA-DEBDB58123F7}.Debug|Any CPU.Build.0 = Debug|Any CPU
		{DC5560AA-F79F-40CF-87DA-DEBDB58123F7}.Release|Any CPU.ActiveCfg = Release|Any CPU
		{DC5560AA-F79F-40CF-87DA-DEBDB58123F7}.Release|Any CPU.Build.0 = Release|Any CPU
		{56F31F47-ED6B-4326-B9E7-9F8992EBE448}.Debug|Any CPU.ActiveCfg = Debug|Any CPU
		{56F31F47-ED6B-4326-B9E7-9F8992EBE448}.Debug|Any CPU.Build.0 = Debug|Any CPU
		{56F31F47-ED6B-4326-B9E7-9F8992EBE448}.Release|Any CPU.ActiveCfg = Release|Any CPU
		{56F31F47-ED6B-4326-B9E7-9F8992EBE448}.Release|Any CPU.Build.0 = Release|Any CPU
	EndGlobalSection
	GlobalSection(SolutionProperties) = preSolution
		HideSolutionNode = FALSE
	EndGlobalSection
	GlobalSection(NestedProjects) = preSolution
		{14EB4B5F-31B3-4076-81C4-EE89BABDCA21} = {881D141D-D6E4-476B-A4B8-51A5B14E1EB0}
		{3A5FF25C-509B-4BEB-AB4A-012420F9EE6C} = {881D141D-D6E4-476B-A4B8-51A5B14E1EB0}
		{A41896F4-53E5-4401-AEB6-817E7CB8540D} = {6AF35EA8-4C7C-4E17-B5A4-B5ACD69F24CB}
		{DC5560AA-F79F-40CF-87DA-DEBDB58123F7} = {6AF35EA8-4C7C-4E17-B5A4-B5ACD69F24CB}
		{56F31F47-ED6B-4326-B9E7-9F8992EBE448} = {34ECF922-AF9D-4599-98A4-B37B69365E14}
	EndGlobalSection
	GlobalSection(ExtensibilityGlobals) = postSolution
		SolutionGuid = {C40EBF9A-8D97-4070-B7F0-E80048003686}
	EndGlobalSection
EndGlobal
